
Microsoft Visual Studio Solution File, Format Version 12.00
# Visual Studio 15
VisualStudioVersion = 15.0.28010.2041
MinimumVisualStudioVersion = 10.0.40219.1
Project("{FAE04EC0-301F-11D3-BF4B-00C04F79EFBC}") = "FolderCompare", "src\FolderCompare.csproj", "{79BB3903-6E2A-46E0-AB7D-0CD2DFAC4490}"
EndProject
Global
	GlobalSection(SolutionConfigurationPlatforms) = preSolution
		Debug|Any CPU = Debug|Any CPU
		Release|Any CPU = Release|Any CPU
	EndGlobalSection
	GlobalSection(ProjectConfigurationPlatforms) = postSolution
		{79BB3903-6E2A-46E0-AB7D-0CD2DFAC4490}.Debug|Any CPU.ActiveCfg = Debug|Any CPU
		{79BB3903-6E2A-46E0-AB7D-0CD2DFAC4490}.Debug|Any CPU.Build.0 = Debug|Any CPU
		{79BB3903-6E2A-46E0-AB7D-0CD2DFAC4490}.Release|Any CPU.ActiveCfg = Release|Any CPU
		{79BB3903-6E2A-46E0-AB7D-0CD2DFAC4490}.Release|Any CPU.Build.0 = Release|Any CPU
	EndGlobalSection
	GlobalSection(SolutionProperties) = preSolution
		HideSolutionNode = FALSE
	EndGlobalSection
	GlobalSection(ExtensibilityGlobals) = postSolution
		SolutionGuid = {9B7CB6CF-1214-43C3-9217-AAC08FB5607D}
	EndGlobalSection
EndGlobal
